
Microsoft Visual Studio Solution File, Format Version 12.00
# Visual Studio Version 17
VisualStudioVersion = 17.6.33815.320
MinimumVisualStudioVersion = 10.0.40219.1
Project("{FAE04EC0-301F-11D3-BF4B-00C04F79EFBC}") = "Xadrez", "Xadrez\Xadrez.csproj", "{36940686-D139-438F-995F-22F13C31C508}"
EndProject
Global
	GlobalSection(SolutionConfigurationPlatforms) = preSolution
		Debug|Any CPU = Debug|Any CPU
		Release|Any CPU = Release|Any CPU
	EndGlobalSection
	GlobalSection(ProjectConfigurationPlatforms) = postSolution
		{36940686-D139-438F-995F-22F13C31C508}.Debug|Any CPU.ActiveCfg = Debug|Any CPU
		{36940686-D139-438F-995F-22F13C31C508}.Debug|Any CPU.Build.0 = Debug|Any CPU
		{36940686-D139-438F-995F-22F13C31C508}.Release|Any CPU.ActiveCfg = Release|Any CPU
		{36940686-D139-438F-995F-22F13C31C508}.Release|Any CPU.Build.0 = Release|Any CPU
	EndGlobalSection
	GlobalSection(SolutionProperties) = preSolution
		HideSolutionNode = FALSE
	EndGlobalSection
	GlobalSection(ExtensibilityGlobals) = postSolution
		SolutionGuid = {CC18557C-DDAC-4FF2-828C-46F69DB0B878}
	EndGlobalSection
EndGlobal
